
Microsoft Visual Studio Solution File, Format Version 12.00
# Visual Studio Version 17
VisualStudioVersion = 17.9.34622.214
MinimumVisualStudioVersion = 10.0.40219.1
Project("{FAE04EC0-301F-11D3-BF4B-00C04F79EFBC}") = "Project214", "Project214.csproj", "{237EFC9C-80C9-46E5-8300-0A88DDE062E3}"
EndProject
Global
	GlobalSection(SolutionConfigurationPlatforms) = preSolution
		Debug|Any CPU = Debug|Any CPU
		Release|Any CPU = Release|Any CPU
	EndGlobalSection
	GlobalSection(ProjectConfigurationPlatforms) = postSolution
		{237EFC9C-80C9-46E5-8300-0A88DDE062E3}.Debug|Any CPU.ActiveCfg = Debug|Any CPU
		{237EFC9C-80C9-46E5-8300-0A88DDE062E3}.Debug|Any CPU.Build.0 = Debug|Any CPU
		{237EFC9C-80C9-46E5-8300-0A88DDE062E3}.Release|Any CPU.ActiveCfg = Release|Any CPU
		{237EFC9C-80C9-46E5-8300-0A88DDE062E3}.Release|Any CPU.Build.0 = Release|Any CPU
	EndGlobalSection
	GlobalSection(SolutionProperties) = preSolution
		HideSolutionNode = FALSE
	EndGlobalSection
	GlobalSection(ExtensibilityGlobals) = postSolution
		SolutionGuid = {B40214E7-44A2-4208-9564-6E0CA274A71E}
	EndGlobalSection
EndGlobal
